<?xml version="1.0" encoding="utf-8"?>
<Project ToolsVersion="4.0" xmlns="http://schemas.microsoft.com/developer/msbuild/2003">
  <ItemGroup>
    <Filter Include="Source Files">
      <UniqueIdentifier>{4FC737F1-C7A5-4376-A066-2A32D752A2FF}</UniqueIdentifier>
      <Extensions>cpp;c;cc;cxx;def;odl;idl;hpj;bat;asm;asmx</Extensions>
    </Filter>
    <Filter Include="Header Files">
      <UniqueIdentifier>{93995380-89BD-4b04-88EB-625FBE52EBFB}</UniqueIdentifier>
      <Extensions>h;hh;hpp;hxx;hm;inl;inc;ipp;xsd</Extensions>
    </Filter>
    <Filter Include="Resource Files">
      <UniqueIdentifier>{67DA6AB6-F800-4c08-8B7A-83BB121AAD01}</UniqueIdentifier>
      <Extensions>rc;ico;cur;bmp;dlg;rc2;rct;bin;rgs;gif;jpg;jpeg;jpe;resx;tiff;tif;png;wav;mfcribbon-ms</Extensions>
    </Filter>
    <Filter Include="ImGui">
      <UniqueIdentifier>{8fd3097e-de36-46b7-af31-7552aac6a760}</UniqueIdentifier>
    </Filter>
    <Filter Include="ImguiImpl">
      <UniqueIdentifier>{564f814b-dff1-4a37-9b52-0aca7384e718}</UniqueIdentifier>
    </Filter>
    <Filter Include="script">
      <UniqueIdentifier>{cd3f92fe-427b-4a63-bbb4-b3869a4195ad}</UniqueIdentifier>
    </Filter>
    <Filter Include="encrypt">
      <UniqueIdentifier>{34a28aa7-e817-4d73-bc2f-c7c9b025cc2b}</UniqueIdentifier>
    </Filter>
    <Filter Include="encrypt\aes">
      <UniqueIdentifier>{d0e951cd-6cb6-463f-bcc6-0176e86c0742}</UniqueIdentifier>
    </Filter>
    <Filter Include="designed">
      <UniqueIdentifier>{b7249163-264e-44b0-85af-651cc58a9865}</UniqueIdentifier>
    </Filter>
  </ItemGroup>
  <ItemGroup>
    <ClCompile Include="game_hacker.cpp">
      <Filter>Source Files</Filter>
    </ClCompile>
    <ClCompile Include="..\third_party\imgui\imgui.cpp">
      <Filter>ImGui</Filter>
    </ClCompile>
    <ClCompile Include="..\third_party\imgui\imgui_demo.cpp">
      <Filter>ImGui</Filter>
    </ClCompile>
    <ClCompile Include="..\third_party\imgui\imgui_draw.cpp">
      <Filter>ImGui</Filter>
    </ClCompile>
    <ClCompile Include="..\third_party\imgui\imgui_widgets.cpp">
      <Filter>ImGui</Filter>
    </ClCompile>
    <ClCompile Include="imgui_lua_bindings.cpp">
      <Filter>ImGui</Filter>
    </ClCompile>
    <ClCompile Include="imgui_impl_dx9.cpp">
      <Filter>ImguiImpl</Filter>
    </ClCompile>
    <ClCompile Include="imgui_impl_win32.cpp">
      <Filter>ImguiImpl</Filter>
    </ClCompile>
    <ClCompile Include="Script.cpp">
      <Filter>script</Filter>
    </ClCompile>
    <ClCompile Include="ScriptData.cpp">
      <Filter>script</Filter>
    </ClCompile>
    <ClCompile Include="ScriptEngine.cpp">
      <Filter>script</Filter>
    </ClCompile>
    <ClCompile Include="ScriptManager.cpp">
      <Filter>script</Filter>
    </ClCompile>
    <ClCompile Include="aes.c">
      <Filter>encrypt\aes</Filter>
    </ClCompile>
    <ClCompile Include="imgui_export.cpp">
      <Filter>ImGui</Filter>
    </ClCompile>
  </ItemGroup>
  <ItemGroup>
    <None Include="imgui_iterator.inl">
      <Filter>ImGui</Filter>
    </None>
  </ItemGroup>
  <ItemGroup>
    <ClInclude Include="imgui_lua_bindings.h">
      <Filter>ImGui</Filter>
    </ClInclude>
    <ClInclude Include="Script.h">
      <Filter>script</Filter>
    </ClInclude>
    <ClInclude Include="ScriptData.h">
      <Filter>script</Filter>
    </ClInclude>
    <ClInclude Include="ScriptEngine.h">
      <Filter>script</Filter>
    </ClInclude>
    <ClInclude Include="ScriptManager.h">
      <Filter>script</Filter>
    </ClInclude>
    <ClInclude Include="aes.h">
      <Filter>encrypt\aes</Filter>
    </ClInclude>
    <ClInclude Include="aes.hpp">
      <Filter>encrypt\aes</Filter>
    </ClInclude>
    <ClInclude Include="Singleton.hpp">
      <Filter>designed</Filter>
    </ClInclude>
  </ItemGroup>
</Project>